// !$*UTF8*$!
{
	archiveVersion = 1;
	classes = {
	};
	objectVersion = 55;
	objects = {

/* Begin PBXBuildFile section */
		A22C68AB27544B6C0008D262 /* AppDelegate.swift in Sources */ = {isa = PBXBuildFile; fileRef = A22C68AA27544B6C0008D262 /* AppDelegate.swift */; };
		A22C68AD27544B6C0008D262 /* SceneDelegate.swift in Sources */ = {isa = PBXBuildFile; fileRef = A22C68AC27544B6C0008D262 /* SceneDelegate.swift */; };
		A22C68AF27544B6C0008D262 /* HomeViewController.swift in Sources */ = {isa = PBXBuildFile; fileRef = A22C68AE27544B6C0008D262 /* HomeViewController.swift */; };
		A22C68B227544B6C0008D262 /* Main.storyboard in Resources */ = {isa = PBXBuildFile; fileRef = A22C68B027544B6C0008D262 /* Main.storyboard */; };
		A22C68B427544B6E0008D262 /* Assets.xcassets in Resources */ = {isa = PBXBuildFile; fileRef = A22C68B327544B6E0008D262 /* Assets.xcassets */; };
		A22C68B727544B6E0008D262 /* LaunchScreen.storyboard in Resources */ = {isa = PBXBuildFile; fileRef = A22C68B527544B6E0008D262 /* LaunchScreen.storyboard */; };
		A22C68C227544B6E0008D262 /* Better_UNOTests.swift in Sources */ = {isa = PBXBuildFile; fileRef = A22C68C127544B6E0008D262 /* Better_UNOTests.swift */; };
		A22C68CC27544B6E0008D262 /* Better_UNOUITests.swift in Sources */ = {isa = PBXBuildFile; fileRef = A22C68CB27544B6E0008D262 /* Better_UNOUITests.swift */; };
		A22C68CE27544B6E0008D262 /* Better_UNOUITestsLaunchTests.swift in Sources */ = {isa = PBXBuildFile; fileRef = A22C68CD27544B6E0008D262 /* Better_UNOUITestsLaunchTests.swift */; };
		A2F639A82755A47A0042408D /* Deck.swift in Sources */ = {isa = PBXBuildFile; fileRef = A2F639A72755A47A0042408D /* Deck.swift */; };
		A2F639AC2755F2F30042408D /* UnoFunctionsOutline in Resources */ = {isa = PBXBuildFile; fileRef = A2F639AB2755F2F30042408D /* UnoFunctionsOutline */; };
/* End PBXBuildFile section */

/* Begin PBXContainerItemProxy section */
		A22C68BE27544B6E0008D262 /* PBXContainerItemProxy */ = {
			isa = PBXContainerItemProxy;
			containerPortal = A22C689F27544B6C0008D262 /* Project object */;
			proxyType = 1;
			remoteGlobalIDString = A22C68A627544B6C0008D262;
			remoteInfo = "Better UNO";
		};
		A22C68C827544B6E0008D262 /* PBXContainerItemProxy */ = {
			isa = PBXContainerItemProxy;
			containerPortal = A22C689F27544B6C0008D262 /* Project object */;
			proxyType = 1;
			remoteGlobalIDString = A22C68A627544B6C0008D262;
			remoteInfo = "Better UNO";
		};
/* End PBXContainerItemProxy section */

/* Begin PBXFileReference section */
		A22C68A727544B6C0008D262 /* Better UNO.app */ = {isa = PBXFileReference; explicitFileType = wrapper.application; includeInIndex = 0; path = "Better UNO.app"; sourceTree = BUILT_PRODUCTS_DIR; };
		A22C68AA27544B6C0008D262 /* AppDelegate.swift */ = {isa = PBXFileReference; lastKnownFileType = sourcecode.swift; path = AppDelegate.swift; sourceTree = "<group>"; };
		A22C68AC27544B6C0008D262 /* SceneDelegate.swift */ = {isa = PBXFileReference; lastKnownFileType = sourcecode.swift; path = SceneDelegate.swift; sourceTree = "<group>"; };
		A22C68AE27544B6C0008D262 /* HomeViewController.swift */ = {isa = PBXFileReference; lastKnownFileType = sourcecode.swift; path = HomeViewController.swift; sourceTree = "<group>"; };
		A22C68B127544B6C0008D262 /* Base */ = {isa = PBXFileReference; lastKnownFileType = file.storyboard; name = Base; path = Base.lproj/Main.storyboard; sourceTree = "<group>"; };
		A22C68B327544B6E0008D262 /* Assets.xcassets */ = {isa = PBXFileReference; lastKnownFileType = folder.assetcatalog; path = Assets.xcassets; sourceTree = "<group>"; };
		A22C68B627544B6E0008D262 /* Base */ = {isa = PBXFileReference; lastKnownFileType = file.storyboard; name = Base; path = Base.lproj/LaunchScreen.storyboard; sourceTree = "<group>"; };
		A22C68B827544B6E0008D262 /* Info.plist */ = {isa = PBXFileReference; lastKnownFileType = text.plist.xml; path = Info.plist; sourceTree = "<group>"; };
		A22C68BD27544B6E0008D262 /* Better UNOTests.xctest */ = {isa = PBXFileReference; explicitFileType = wrapper.cfbundle; includeInIndex = 0; path = "Better UNOTests.xctest"; sourceTree = BUILT_PRODUCTS_DIR; };
		A22C68C127544B6E0008D262 /* Better_UNOTests.swift */ = {isa = PBXFileReference; lastKnownFileType = sourcecode.swift; path = Better_UNOTests.swift; sourceTree = "<group>"; };
		A22C68C727544B6E0008D262 /* Better UNOUITests.xctest */ = {isa = PBXFileReference; explicitFileType = wrapper.cfbundle; includeInIndex = 0; path = "Better UNOUITests.xctest"; sourceTree = BUILT_PRODUCTS_DIR; };
		A22C68CB27544B6E0008D262 /* Better_UNOUITests.swift */ = {isa = PBXFileReference; lastKnownFileType = sourcecode.swift; path = Better_UNOUITests.swift; sourceTree = "<group>"; };
		A22C68CD27544B6E0008D262 /* Better_UNOUITestsLaunchTests.swift */ = {isa = PBXFileReference; lastKnownFileType = sourcecode.swift; path = Better_UNOUITestsLaunchTests.swift; sourceTree = "<group>"; };
		A2F639A72755A47A0042408D /* Deck.swift */ = {isa = PBXFileReference; lastKnownFileType = sourcecode.swift; path = Deck.swift; sourceTree = "<group>"; };
		A2F639AB2755F2F30042408D /* UnoFunctionsOutline */ = {isa = PBXFileReference; fileEncoding = 4; lastKnownFileType = text; path = UnoFunctionsOutline; sourceTree = "<group>"; };
/* End PBXFileReference section */

/* Begin PBXFrameworksBuildPhase section */
		A22C68A427544B6C0008D262 /* Frameworks */ = {
			isa = PBXFrameworksBuildPhase;
			buildActionMask = 2147483647;
			files = (
			);
			runOnlyForDeploymentPostprocessing = 0;
		};
		A22C68BA27544B6E0008D262 /* Frameworks */ = {
			isa = PBXFrameworksBuildPhase;
			buildActionMask = 2147483647;
			files = (
			);
			runOnlyForDeploymentPostprocessing = 0;
		};
		A22C68C427544B6E0008D262 /* Frameworks */ = {
			isa = PBXFrameworksBuildPhase;
			buildActionMask = 2147483647;
			files = (
			);
			runOnlyForDeploymentPostprocessing = 0;
		};
/* End PBXFrameworksBuildPhase section */

/* Begin PBXGroup section */
		A22C689E27544B6C0008D262 = {
			isa = PBXGroup;
			children = (
				A22C68A927544B6C0008D262 /* Better UNO */,
				A22C68C027544B6E0008D262 /* Better UNOTests */,
				A22C68CA27544B6E0008D262 /* Better UNOUITests */,
				A22C68A827544B6C0008D262 /* Products */,
			);
			sourceTree = "<group>";
		};
		A22C68A827544B6C0008D262 /* Products */ = {
			isa = PBXGroup;
			children = (
				A22C68A727544B6C0008D262 /* Better UNO.app */,
				A22C68BD27544B6E0008D262 /* Better UNOTests.xctest */,
				A22C68C727544B6E0008D262 /* Better UNOUITests.xctest */,
			);
			name = Products;
			sourceTree = "<group>";
		};
		A22C68A927544B6C0008D262 /* Better UNO */ = {
			isa = PBXGroup;
			children = (
				A22C68AA27544B6C0008D262 /* AppDelegate.swift */,
				A22C68AC27544B6C0008D262 /* SceneDelegate.swift */,
				A22C68AE27544B6C0008D262 /* HomeViewController.swift */,
				A2F639A72755A47A0042408D /* Deck.swift */,
				A22C68B027544B6C0008D262 /* Main.storyboard */,
				A22C68B327544B6E0008D262 /* Assets.xcassets */,
				A22C68B527544B6E0008D262 /* LaunchScreen.storyboard */,
				A22C68B827544B6E0008D262 /* Info.plist */,
				A2F639AB2755F2F30042408D /* UnoFunctionsOutline */,
			);
			path = "Better UNO";
			sourceTree = "<group>";
		};
		A22C68C027544B6E0008D262 /* Better UNOTests */ = {
			isa = PBXGroup;
			children = (
				A22C68C127544B6E0008D262 /* Better_UNOTests.swift */,
			);
			path = "Better UNOTests";
			sourceTree = "<group>";
		};
		A22C68CA27544B6E0008D262 /* Better UNOUITests */ = {
			isa = PBXGroup;
			children = (
				A22C68CB27544B6E0008D262 /* Better_UNOUITests.swift */,
				A22C68CD27544B6E0008D262 /* Better_UNOUITestsLaunchTests.swift */,
			);
			path = "Better UNOUITests";
			sourceTree = "<group>";
		};
/* End PBXGroup section */

/* Begin PBXNativeTarget section */
		A22C68A627544B6C0008D262 /* Better UNO */ = {
			isa = PBXNativeTarget;
			buildConfigurationList = A22C68D127544B6E0008D262 /* Build configuration list for PBXNativeTarget "Better UNO" */;
			buildPhases = (
				A22C68A327544B6C0008D262 /* Sources */,
				A22C68A427544B6C0008D262 /* Frameworks */,
				A22C68A527544B6C0008D262 /* Resources */,
			);
			buildRules = (
			);
			dependencies = (
			);
			name = "Better UNO";
			productName = "Better UNO";
			productReference = A22C68A727544B6C0008D262 /* Better UNO.app */;
			productType = "com.apple.product-type.application";
		};
		A22C68BC27544B6E0008D262 /* Better UNOTests */ = {
			isa = PBXNativeTarget;
			buildConfigurationList = A22C68D427544B6E0008D262 /* Build configuration list for PBXNativeTarget "Better UNOTests" */;
			buildPhases = (
				A22C68B927544B6E0008D262 /* Sources */,
				A22C68BA27544B6E0008D262 /* Frameworks */,
				A22C68BB27544B6E0008D262 /* Resources */,
			);
			buildRules = (
			);
			dependencies = (
				A22C68BF27544B6E0008D262 /* PBXTargetDependency */,
			);
			name = "Better UNOTests";
			productName = "Better UNOTests";
			productReference = A22C68BD27544B6E0008D262 /* Better UNOTests.xctest */;
			productType = "com.apple.product-type.bundle.unit-test";
		};
		A22C68C627544B6E0008D262 /* Better UNOUITests */ = {
			isa = PBXNativeTarget;
			buildConfigurationList = A22C68D727544B6E0008D262 /* Build configuration list for PBXNativeTarget "Better UNOUITests" */;
			buildPhases = (
				A22C68C327544B6E0008D262 /* Sources */,
				A22C68C427544B6E0008D262 /* Frameworks */,
				A22C68C527544B6E0008D262 /* Resources */,
			);
			buildRules = (
			);
			dependencies = (
				A22C68C927544B6E0008D262 /* PBXTargetDependency */,
			);
			name = "Better UNOUITests";
			productName = "Better UNOUITests";
			productReference = A22C68C727544B6E0008D262 /* Better UNOUITests.xctest */;
			productType = "com.apple.product-type.bundle.ui-testing";
		};
/* End PBXNativeTarget section */

/* Begin PBXProject section */
		A22C689F27544B6C0008D262 /* Project object */ = {
			isa = PBXProject;
			attributes = {
				BuildIndependentTargetsInParallel = 1;
				LastSwiftUpdateCheck = 1310;
				LastUpgradeCheck = 1310;
				TargetAttributes = {
					A22C68A627544B6C0008D262 = {
						CreatedOnToolsVersion = 13.1;
					};
					A22C68BC27544B6E0008D262 = {
						CreatedOnToolsVersion = 13.1;
						TestTargetID = A22C68A627544B6C0008D262;
					};
					A22C68C627544B6E0008D262 = {
						CreatedOnToolsVersion = 13.1;
						TestTargetID = A22C68A627544B6C0008D262;
					};
				};
			};
			buildConfigurationList = A22C68A227544B6C0008D262 /* Build configuration list for PBXProject "Better UNO" */;
			compatibilityVersion = "Xcode 13.0";
			developmentRegion = en;
			hasScannedForEncodings = 0;
			knownRegions = (
				en,
				Base,
			);
			mainGroup = A22C689E27544B6C0008D262;
			productRefGroup = A22C68A827544B6C0008D262 /* Products */;
			projectDirPath = "";
			projectRoot = "";
			targets = (
				A22C68A627544B6C0008D262 /* Better UNO */,
				A22C68BC27544B6E0008D262 /* Better UNOTests */,
				A22C68C627544B6E0008D262 /* Better UNOUITests */,
			);
		};
/* End PBXProject section */

/* Begin PBXResourcesBuildPhase section */
		A22C68A527544B6C0008D262 /* Resources */ = {
			isa = PBXResourcesBuildPhase;
			buildActionMask = 2147483647;
			files = (
				A22C68B727544B6E0008D262 /* LaunchScreen.storyboard in Resources */,
				A22C68B427544B6E0008D262 /* Assets.xcassets in Resources */,
				A22C68B227544B6C0008D262 /* Main.storyboard in Resources */,
			);
			runOnlyForDeploymentPostprocessing = 0;
		};
		A22C68BB27544B6E0008D262 /* Resources */ = {
			isa = PBXResourcesBuildPhase;
			buildActionMask = 2147483647;
			files = (
			);
			runOnlyForDeploymentPostprocessing = 0;
		};
		A22C68C527544B6E0008D262 /* Resources */ = {
			isa = PBXResourcesBuildPhase;
			buildActionMask = 2147483647;
			files = (
				A2F639AC2755F2F30042408D /* UnoFunctionsOutline in Resources */,
			);
			runOnlyForDeploymentPostprocessing = 0;
		};
/* End PBXResourcesBuildPhase section */

/* Begin PBXSourcesBuildPhase section */
		A22C68A327544B6C0008D262 /* Sources */ = {
			isa = PBXSourcesBuildPhase;
			buildActionMask = 2147483647;
			files = (
				A2F639A82755A47A0042408D /* Deck.swift in Sources */,
				A22C68AF27544B6C0008D262 /* HomeViewController.swift in Sources */,
				A22C68AB27544B6C0008D262 /* AppDelegate.swift in Sources */,
				A22C68AD27544B6C0008D262 /* SceneDelegate.swift in Sources */,
			);
			runOnlyForDeploymentPostprocessing = 0;
		};
		A22C68B927544B6E0008D262 /* Sources */ = {
			isa = PBXSourcesBuildPhase;
			buildActionMask = 2147483647;
			files = (
				A22C68C227544B6E0008D262 /* Better_UNOTests.swift in Sources */,
			);
			runOnlyForDeploymentPostprocessing = 0;
		};
		A22C68C327544B6E0008D262 /* Sources */ = {
			isa = PBXSourcesBuildPhase;
			buildActionMask = 2147483647;
			files = (
				A22C68CC27544B6E0008D262 /* Better_UNOUITests.swift in Sources */,
				A22C68CE27544B6E0008D262 /* Better_UNOUITestsLaunchTests.swift in Sources */,
			);
			runOnlyForDeploymentPostprocessing = 0;
		};
/* End PBXSourcesBuildPhase section */

/* Begin PBXTargetDependency section */
		A22C68BF27544B6E0008D262 /* PBXTargetDependency */ = {
			isa = PBXTargetDependency;
			target = A22C68A627544B6C0008D262 /* Better UNO */;
			targetProxy = A22C68BE27544B6E0008D262 /* PBXContainerItemProxy */;
		};
		A22C68C927544B6E0008D262 /* PBXTargetDependency */ = {
			isa = PBXTargetDependency;
			target = A22C68A627544B6C0008D262 /* Better UNO */;
			targetProxy = A22C68C827544B6E0008D262 /* PBXContainerItemProxy */;
		};
/* End PBXTargetDependency section */

/* Begin PBXVariantGroup section */
		A22C68B027544B6C0008D262 /* Main.storyboard */ = {
			isa = PBXVariantGroup;
			children = (
				A22C68B127544B6C0008D262 /* Base */,
			);
			name = Main.storyboard;
			sourceTree = "<group>";
		};
		A22C68B527544B6E0008D262 /* LaunchScreen.storyboard */ = {
			isa = PBXVariantGroup;
			children = (
				A22C68B627544B6E0008D262 /* Base */,
			);
			name = LaunchScreen.storyboard;
			sourceTree = "<group>";
		};
/* End PBXVariantGroup section */

/* Begin XCBuildConfiguration section */
		A22C68CF27544B6E0008D262 /* Debug */ = {
			isa = XCBuildConfiguration;
			buildSettings = {
				ALWAYS_SEARCH_USER_PATHS = NO;
				CLANG_ANALYZER_NONNULL = YES;
				CLANG_ANALYZER_NUMBER_OBJECT_CONVERSION = YES_AGGRESSIVE;
				CLANG_CXX_LANGUAGE_STANDARD = "gnu++17";
				CLANG_CXX_LIBRARY = "libc++";
				CLANG_ENABLE_MODULES = YES;
				CLANG_ENABLE_OBJC_ARC = YES;
				CLANG_ENABLE_OBJC_WEAK = YES;
				CLANG_WARN_BLOCK_CAPTURE_AUTORELEASING = YES;
				CLANG_WARN_BOOL_CONVERSION = YES;
				CLANG_WARN_COMMA = YES;
				CLANG_WARN_CONSTANT_CONVERSION = YES;
				CLANG_WARN_DEPRECATED_OBJC_IMPLEMENTATIONS = YES;
				CLANG_WARN_DIRECT_OBJC_ISA_USAGE = YES_ERROR;
				CLANG_WARN_DOCUMENTATION_COMMENTS = YES;
				CLANG_WARN_EMPTY_BODY = YES;
				CLANG_WARN_ENUM_CONVERSION = YES;
				CLANG_WARN_INFINITE_RECURSION = YES;
				CLANG_WARN_INT_CONVERSION = YES;
				CLANG_WARN_NON_LITERAL_NULL_CONVERSION = YES;
				CLANG_WARN_OBJC_IMPLICIT_RETAIN_SELF = YES;
				CLANG_WARN_OBJC_LITERAL_CONVERSION = YES;
				CLANG_WARN_OBJC_ROOT_CLASS = YES_ERROR;
				CLANG_WARN_QUOTED_INCLUDE_IN_FRAMEWORK_HEADER = YES;
				CLANG_WARN_RANGE_LOOP_ANALYSIS = YES;
				CLANG_WARN_STRICT_PROTOTYPES = YES;
				CLANG_WARN_SUSPICIOUS_MOVE = YES;
				CLANG_WARN_UNGUARDED_AVAILABILITY = YES_AGGRESSIVE;
				CLANG_WARN_UNREACHABLE_CODE = YES;
				CLANG_WARN__DUPLICATE_METHOD_MATCH = YES;
				COPY_PHASE_STRIP = NO;
				DEBUG_INFORMATION_FORMAT = dwarf;
				ENABLE_STRICT_OBJC_MSGSEND = YES;
				ENABLE_TESTABILITY = YES;
				GCC_C_LANGUAGE_STANDARD = gnu11;
				GCC_DYNAMIC_NO_PIC = NO;
				GCC_NO_COMMON_BLOCKS = YES;
				GCC_OPTIMIZATION_LEVEL = 0;
				GCC_PREPROCESSOR_DEFINITIONS = (
					"DEBUG=1",
					"$(inherited)",
				);
				GCC_WARN_64_TO_32_BIT_CONVERSION = YES;
				GCC_WARN_ABOUT_RETURN_TYPE = YES_ERROR;
				GCC_WARN_UNDECLARED_SELECTOR = YES;
				GCC_WARN_UNINITIALIZED_AUTOS = YES_AGGRESSIVE;
				GCC_WARN_UNUSED_FUNCTION = YES;
				GCC_WARN_UNUSED_VARIABLE = YES;
				IPHONEOS_DEPLOYMENT_TARGET = 15.0;
				MTL_ENABLE_DEBUG_INFO = INCLUDE_SOURCE;
				MTL_FAST_MATH = YES;
				ONLY_ACTIVE_ARCH = YES;
				SDKROOT = iphoneos;
				SWIFT_ACTIVE_COMPILATION_CONDITIONS = DEBUG;
				SWIFT_OPTIMIZATION_LEVEL = "-Onone";
			};
			name = Debug;
		};
		A22C68D027544B6E0008D262 /* Release */ = {
			isa = XCBuildConfiguration;
			buildSettings = {
				ALWAYS_SEARCH_USER_PATHS = NO;
				CLANG_ANALYZER_NONNULL = YES;
				CLANG_ANALYZER_NUMBER_OBJECT_CONVERSION = YES_AGGRESSIVE;
				CLANG_CXX_LANGUAGE_STANDARD = "gnu++17";
				CLANG_CXX_LIBRARY = "libc++";
				CLANG_ENABLE_MODULES = YES;
				CLANG_ENABLE_OBJC_ARC = YES;
				CLANG_ENABLE_OBJC_WEAK = YES;
				CLANG_WARN_BLOCK_CAPTURE_AUTORELEASING = YES;
				CLANG_WARN_BOOL_CONVERSION = YES;
				CLANG_WARN_COMMA = YES;
				CLANG_WARN_CONSTANT_CONVERSION = YES;
				CLANG_WARN_DEPRECATED_OBJC_IMPLEMENTATIONS = YES;
				CLANG_WARN_DIRECT_OBJC_ISA_USAGE = YES_ERROR;
				CLANG_WARN_DOCUMENTATION_COMMENTS = YES;
				CLANG_WARN_EMPTY_BODY = YES;
				CLANG_WARN_ENUM_CONVERSION = YES;
				CLANG_WARN_INFINITE_RECURSION = YES;
				CLANG_WARN_INT_CONVERSION = YES;
				CLANG_WARN_NON_LITERAL_NULL_CONVERSION = YES;
				CLANG_WARN_OBJC_IMPLICIT_RETAIN_SELF = YES;
				CLANG_WARN_OBJC_LITERAL_CONVERSION = YES;
				CLANG_WARN_OBJC_ROOT_CLASS = YES_ERROR;
				CLANG_WARN_QUOTED_INCLUDE_IN_FRAMEWORK_HEADER = YES;
				CLANG_WARN_RANGE_LOOP_ANALYSIS = YES;
				CLANG_WARN_STRICT_PROTOTYPES = YES;
				CLANG_WARN_SUSPICIOUS_MOVE = YES;
				CLANG_WARN_UNGUARDED_AVAILABILITY = YES_AGGRESSIVE;
				CLANG_WARN_UNREACHABLE_CODE = YES;
				CLANG_WARN__DUPLICATE_METHOD_MATCH = YES;
				COPY_PHASE_STRIP = NO;
				DEBUG_INFORMATION_FORMAT = "dwarf-with-dsym";
				ENABLE_NS_ASSERTIONS = NO;
				ENABLE_STRICT_OBJC_MSGSEND = YES;
				GCC_C_LANGUAGE_STANDARD = gnu11;
				GCC_NO_COMMON_BLOCKS = YES;
				GCC_WARN_64_TO_32_BIT_CONVERSION = YES;
				GCC_WARN_ABOUT_RETURN_TYPE = YES_ERROR;
				GCC_WARN_UNDECLARED_SELECTOR = YES;
				GCC_WARN_UNINITIALIZED_AUTOS = YES_AGGRESSIVE;
				GCC_WARN_UNUSED_FUNCTION = YES;
				GCC_WARN_UNUSED_VARIABLE = YES;
				IPHONEOS_DEPLOYMENT_TARGET = 15.0;
				MTL_ENABLE_DEBUG_INFO = NO;
				MTL_FAST_MATH = YES;
				SDKROOT = iphoneos;
				SWIFT_COMPILATION_MODE = wholemodule;
				SWIFT_OPTIMIZATION_LEVEL = "-O";
				VALIDATE_PRODUCT = YES;
			};
			name = Release;
		};
		A22C68D227544B6E0008D262 /* Debug */ = {
			isa = XCBuildConfiguration;
			buildSettings = {
				ASSETCATALOG_COMPILER_APPICON_NAME = AppIcon;
				ASSETCATALOG_COMPILER_GLOBAL_ACCENT_COLOR_NAME = AccentColor;
				CODE_SIGN_STYLE = Automatic;
				CURRENT_PROJECT_VERSION = 1;
				GENERATE_INFOPLIST_FILE = YES;
				INFOPLIST_FILE = "Better UNO/Info.plist";
				INFOPLIST_KEY_UIApplicationSupportsIndirectInputEvents = YES;
				INFOPLIST_KEY_UILaunchStoryboardName = LaunchScreen;
				INFOPLIST_KEY_UIMainStoryboardFile = Main;
				INFOPLIST_KEY_UISupportedInterfaceOrientations = "UIInterfaceOrientationLandscapeLeft UIInterfaceOrientationLandscapeRight";
				INFOPLIST_KEY_UISupportedInterfaceOrientations_iPad = "UIInterfaceOrientationPortrait UIInterfaceOrientationPortraitUpsideDown UIInterfaceOrientationLandscapeLeft UIInterfaceOrientationLandscapeRight";
				INFOPLIST_KEY_UISupportedInterfaceOrientations_iPhone = "UIInterfaceOrientationLandscapeLeft UIInterfaceOrientationLandscapeRight";
				LD_RUNPATH_SEARCH_PATHS = (
					"$(inherited)",
					"@executable_path/Frameworks",
				);
				MARKETING_VERSION = 1.0;
				PRODUCT_BUNDLE_IDENTIFIER = "com.briors.Better-UNO";
				PRODUCT_NAME = "$(TARGET_NAME)";
				SWIFT_EMIT_LOC_STRINGS = YES;
				SWIFT_VERSION = 5.0;
				TARGETED_DEVICE_FAMILY = 1;
			};
			name = Debug;
		};
		A22C68D327544B6E0008D262 /* Release */ = {
			isa = XCBuildConfiguration;
			buildSettings = {
				ASSETCATALOG_COMPILER_APPICON_NAME = AppIcon;
				ASSETCATALOG_COMPILER_GLOBAL_ACCENT_COLOR_NAME = AccentColor;
				CODE_SIGN_STYLE = Automatic;
				CURRENT_PROJECT_VERSION = 1;
				GENERATE_INFOPLIST_FILE = YES;
				INFOPLIST_FILE = "Better UNO/Info.plist";
				INFOPLIST_KEY_UIApplicationSupportsIndirectInputEvents = YES;
				INFOPLIST_KEY_UILaunchStoryboardName = LaunchScreen;
				INFOPLIST_KEY_UIMainStoryboardFile = Main;
				INFOPLIST_KEY_UISupportedInterfaceOrientations = "UIInterfaceOrientationLandscapeLeft UIInterfaceOrientationLandscapeRight";
				INFOPLIST_KEY_UISupportedInterfaceOrientations_iPad = "UIInterfaceOrientationPortrait UIInterfaceOrientationPortraitUpsideDown UIInterfaceOrientationLandscapeLeft UIInterfaceOrientationLandscapeRight";
				INFOPLIST_KEY_UISupportedInterfaceOrientations_iPhone = "UIInterfaceOrientationLandscapeLeft UIInterfaceOrientationLandscapeRight";
				LD_RUNPATH_SEARCH_PATHS = (
					"$(inherited)",
					"@executable_path/Frameworks",
				);
				MARKETING_VERSION = 1.0;
				PRODUCT_BUNDLE_IDENTIFIER = "com.briors.Better-UNO";
				PRODUCT_NAME = "$(TARGET_NAME)";
				SWIFT_EMIT_LOC_STRINGS = YES;
				SWIFT_VERSION = 5.0;
				TARGETED_DEVICE_FAMILY = 1;
			};
			name = Release;
		};
		A22C68D527544B6E0008D262 /* Debug */ = {
			isa = XCBuildConfiguration;
			buildSettings = {
				ALWAYS_EMBED_SWIFT_STANDARD_LIBRARIES = YES;
				BUNDLE_LOADER = "$(TEST_HOST)";
				CODE_SIGN_STYLE = Automatic;
				CURRENT_PROJECT_VERSION = 1;
				GENERATE_INFOPLIST_FILE = YES;
				IPHONEOS_DEPLOYMENT_TARGET = 15.0;
				LD_RUNPATH_SEARCH_PATHS = (
					"$(inherited)",
					"@executable_path/Frameworks",
					"@loader_path/Frameworks",
				);
				MARKETING_VERSION = 1.0;
				PRODUCT_BUNDLE_IDENTIFIER = "com.briors.Better-UNOTests";
				PRODUCT_NAME = "$(TARGET_NAME)";
				SWIFT_EMIT_LOC_STRINGS = NO;
				SWIFT_VERSION = 5.0;
				TARGETED_DEVICE_FAMILY = "1,2";
				TEST_HOST = "$(BUILT_PRODUCTS_DIR)/Better UNO.app/Better UNO";
			};
			name = Debug;
		};
		A22C68D627544B6E0008D262 /* Release */ = {
			isa = XCBuildConfiguration;
			buildSettings = {
				ALWAYS_EMBED_SWIFT_STANDARD_LIBRARIES = YES;
				BUNDLE_LOADER = "$(TEST_HOST)";
				CODE_SIGN_STYLE = Automatic;
				CURRENT_PROJECT_VERSION = 1;
				GENERATE_INFOPLIST_FILE = YES;
				IPHONEOS_DEPLOYMENT_TARGET = 15.0;
				LD_RUNPATH_SEARCH_PATHS = (
					"$(inherited)",
					"@executable_path/Frameworks",
					"@loader_path/Frameworks",
				);
				MARKETING_VERSION = 1.0;
				PRODUCT_BUNDLE_IDENTIFIER = "com.briors.Better-UNOTests";
				PRODUCT_NAME = "$(TARGET_NAME)";
				SWIFT_EMIT_LOC_STRINGS = NO;
				SWIFT_VERSION = 5.0;
				TARGETED_DEVICE_FAMILY = "1,2";
				TEST_HOST = "$(BUILT_PRODUCTS_DIR)/Better UNO.app/Better UNO";
			};
			name = Release;
		};
		A22C68D827544B6E0008D262 /* Debug */ = {
			isa = XCBuildConfiguration;
			buildSettings = {
				ALWAYS_EMBED_SWIFT_STANDARD_LIBRARIES = YES;
				CODE_SIGN_STYLE = Automatic;
				CURRENT_PROJECT_VERSION = 1;
				GENERATE_INFOPLIST_FILE = YES;
				LD_RUNPATH_SEARCH_PATHS = (
					"$(inherited)",
					"@executable_path/Frameworks",
					"@loader_path/Frameworks",
				);
				MARKETING_VERSION = 1.0;
				PRODUCT_BUNDLE_IDENTIFIER = "com.briors.Better-UNOUITests";
				PRODUCT_NAME = "$(TARGET_NAME)";
				SWIFT_EMIT_LOC_STRINGS = NO;
				SWIFT_VERSION = 5.0;
				TARGETED_DEVICE_FAMILY = "1,2";
				TEST_TARGET_NAME = "Better UNO";
			};
			name = Debug;
		};
		A22C68D927544B6E0008D262 /* Release */ = {
			isa = XCBuildConfiguration;
			buildSettings = {
				ALWAYS_EMBED_SWIFT_STANDARD_LIBRARIES = YES;
				CODE_SIGN_STYLE = Automatic;
				CURRENT_PROJECT_VERSION = 1;
				GENERATE_INFOPLIST_FILE = YES;
				LD_RUNPATH_SEARCH_PATHS = (
					"$(inherited)",
					"@executable_path/Frameworks",
					"@loader_path/Frameworks",
				);
				MARKETING_VERSION = 1.0;
				PRODUCT_BUNDLE_IDENTIFIER = "com.briors.Better-UNOUITests";
				PRODUCT_NAME = "$(TARGET_NAME)";
				SWIFT_EMIT_LOC_STRINGS = NO;
				SWIFT_VERSION = 5.0;
				TARGETED_DEVICE_FAMILY = "1,2";
				TEST_TARGET_NAME = "Better UNO";
			};
			name = Release;
		};
/* End XCBuildConfiguration section */

/* Begin XCConfigurationList section */
		A22C68A227544B6C0008D262 /* Build configuration list for PBXProject "Better UNO" */ = {
			isa = XCConfigurationList;
			buildConfigurations = (
				A22C68CF27544B6E0008D262 /* Debug */,
				A22C68D027544B6E0008D262 /* Release */,
			);
			defaultConfigurationIsVisible = 0;
			defaultConfigurationName = Release;
		};
		A22C68D127544B6E0008D262 /* Build configuration list for PBXNativeTarget "Better UNO" */ = {
			isa = XCConfigurationList;
			buildConfigurations = (
				A22C68D227544B6E0008D262 /* Debug */,
				A22C68D327544B6E0008D262 /* Release */,
			);
			defaultConfigurationIsVisible = 0;
			defaultConfigurationName = Release;
		};
		A22C68D427544B6E0008D262 /* Build configuration list for PBXNativeTarget "Better UNOTests" */ = {
			isa = XCConfigurationList;
			buildConfigurations = (
				A22C68D527544B6E0008D262 /* Debug */,
				A22C68D627544B6E0008D262 /* Release */,
			);
			defaultConfigurationIsVisible = 0;
			defaultConfigurationName = Release;
		};
		A22C68D727544B6E0008D262 /* Build configuration list for PBXNativeTarget "Better UNOUITests" */ = {
			isa = XCConfigurationList;
			buildConfigurations = (
				A22C68D827544B6E0008D262 /* Debug */,
				A22C68D927544B6E0008D262 /* Release */,
			);
			defaultConfigurationIsVisible = 0;
			defaultConfigurationName = Release;
		};
/* End XCConfigurationList section */
	};
	rootObject = A22C689F27544B6C0008D262 /* Project object */;
}
